// !$*UTF8*$!
{
	archiveVersion = 1;
	classes = {
	};
	objectVersion = 56;
	objects = {

/* Begin PBXBuildFile section */
		A88DE812297BC795003A7580 /* Date.swift in Sources */ = {isa = PBXBuildFile; fileRef = A88DE811297BC795003A7580 /* Date.swift */; };
		A88DE815297BF422003A7580 /* StreakView.swift in Sources */ = {isa = PBXBuildFile; fileRef = A88DE814297BF422003A7580 /* StreakView.swift */; };
		A8DCF13D297E615300D4A553 /* WidgetKit.framework in Frameworks */ = {isa = PBXBuildFile; fileRef = A8DCF13C297E615300D4A553 /* WidgetKit.framework */; };
		A8DCF13F297E615300D4A553 /* SwiftUI.framework in Frameworks */ = {isa = PBXBuildFile; fileRef = A8DCF13E297E615300D4A553 /* SwiftUI.framework */; };
		A8DCF142297E615300D4A553 /* CalendarWidgetBundle.swift in Sources */ = {isa = PBXBuildFile; fileRef = A8DCF141297E615300D4A553 /* CalendarWidgetBundle.swift */; };
		A8DCF144297E615300D4A553 /* CalendarWidget.swift in Sources */ = {isa = PBXBuildFile; fileRef = A8DCF143297E615300D4A553 /* CalendarWidget.swift */; };
		A8DCF146297E615800D4A553 /* Assets.xcassets in Resources */ = {isa = PBXBuildFile; fileRef = A8DCF145297E615800D4A553 /* Assets.xcassets */; };
		A8DCF14A297E615800D4A553 /* CalendarWidgetExtension.appex in Embed Foundation Extensions */ = {isa = PBXBuildFile; fileRef = A8DCF13A297E615300D4A553 /* CalendarWidgetExtension.appex */; settings = {ATTRIBUTES = (RemoveHeadersOnCopy, ); }; };
		A8F4B7F0297921AB00B79BAA /* Swift_CalendarApp.swift in Sources */ = {isa = PBXBuildFile; fileRef = A8F4B7EF297921AB00B79BAA /* Swift_CalendarApp.swift */; };
		A8F4B7F2297921AB00B79BAA /* CalendarView.swift in Sources */ = {isa = PBXBuildFile; fileRef = A8F4B7F1297921AB00B79BAA /* CalendarView.swift */; };
		A8F4B7F4297921AE00B79BAA /* Assets.xcassets in Resources */ = {isa = PBXBuildFile; fileRef = A8F4B7F3297921AE00B79BAA /* Assets.xcassets */; };
		A8F4B7F7297921AE00B79BAA /* Preview Assets.xcassets in Resources */ = {isa = PBXBuildFile; fileRef = A8F4B7F6297921AE00B79BAA /* Preview Assets.xcassets */; };
		A8F4B7F9297921AE00B79BAA /* Persistence.swift in Sources */ = {isa = PBXBuildFile; fileRef = A8F4B7F8297921AE00B79BAA /* Persistence.swift */; };
		A8F4B7FC297921AE00B79BAA /* Swift_Calendar.xcdatamodeld in Sources */ = {isa = PBXBuildFile; fileRef = A8F4B7FA297921AE00B79BAA /* Swift_Calendar.xcdatamodeld */; };
/* End PBXBuildFile section */

/* Begin PBXContainerItemProxy section */
		A8DCF148297E615800D4A553 /* PBXContainerItemProxy */ = {
			isa = PBXContainerItemProxy;
			containerPortal = A8F4B7E4297921AB00B79BAA /* Project object */;
			proxyType = 1;
			remoteGlobalIDString = A8DCF139297E615300D4A553;
			remoteInfo = CalendarWidgetExtension;
		};
/* End PBXContainerItemProxy section */

/* Begin PBXCopyFilesBuildPhase section */
		A8DCF14B297E615800D4A553 /* Embed Foundation Extensions */ = {
			isa = PBXCopyFilesBuildPhase;
			buildActionMask = 2147483647;
			dstPath = "";
			dstSubfolderSpec = 13;
			files = (
				A8DCF14A297E615800D4A553 /* CalendarWidgetExtension.appex in Embed Foundation Extensions */,
			);
			name = "Embed Foundation Extensions";
			runOnlyForDeploymentPostprocessing = 0;
		};
/* End PBXCopyFilesBuildPhase section */

/* Begin PBXFileReference section */
		A88DE811297BC795003A7580 /* Date.swift */ = {isa = PBXFileReference; lastKnownFileType = sourcecode.swift; path = Date.swift; sourceTree = "<group>"; };
		A88DE814297BF422003A7580 /* StreakView.swift */ = {isa = PBXFileReference; lastKnownFileType = sourcecode.swift; path = StreakView.swift; sourceTree = "<group>"; };
		A8DCF13A297E615300D4A553 /* CalendarWidgetExtension.appex */ = {isa = PBXFileReference; explicitFileType = "wrapper.app-extension"; includeInIndex = 0; path = CalendarWidgetExtension.appex; sourceTree = BUILT_PRODUCTS_DIR; };
		A8DCF13C297E615300D4A553 /* WidgetKit.framework */ = {isa = PBXFileReference; lastKnownFileType = wrapper.framework; name = WidgetKit.framework; path = System/Library/Frameworks/WidgetKit.framework; sourceTree = SDKROOT; };
		A8DCF13E297E615300D4A553 /* SwiftUI.framework */ = {isa = PBXFileReference; lastKnownFileType = wrapper.framework; name = SwiftUI.framework; path = System/Library/Frameworks/SwiftUI.framework; sourceTree = SDKROOT; };
		A8DCF141297E615300D4A553 /* CalendarWidgetBundle.swift */ = {isa = PBXFileReference; lastKnownFileType = sourcecode.swift; path = CalendarWidgetBundle.swift; sourceTree = "<group>"; };
		A8DCF143297E615300D4A553 /* CalendarWidget.swift */ = {isa = PBXFileReference; lastKnownFileType = sourcecode.swift; path = CalendarWidget.swift; sourceTree = "<group>"; };
		A8DCF145297E615800D4A553 /* Assets.xcassets */ = {isa = PBXFileReference; lastKnownFileType = folder.assetcatalog; path = Assets.xcassets; sourceTree = "<group>"; };
		A8DCF147297E615800D4A553 /* Info.plist */ = {isa = PBXFileReference; lastKnownFileType = text.plist.xml; path = Info.plist; sourceTree = "<group>"; };
		A8DCF14F297E619200D4A553 /* Swift Calendar.entitlements */ = {isa = PBXFileReference; lastKnownFileType = text.plist.entitlements; path = "Swift Calendar.entitlements"; sourceTree = "<group>"; };
		A8DCF150297E61F700D4A553 /* CalendarWidgetExtension.entitlements */ = {isa = PBXFileReference; lastKnownFileType = text.plist.entitlements; path = CalendarWidgetExtension.entitlements; sourceTree = "<group>"; };
		A8F4B7EC297921AB00B79BAA /* Swift Calendar.app */ = {isa = PBXFileReference; explicitFileType = wrapper.application; includeInIndex = 0; path = "Swift Calendar.app"; sourceTree = BUILT_PRODUCTS_DIR; };
		A8F4B7EF297921AB00B79BAA /* Swift_CalendarApp.swift */ = {isa = PBXFileReference; lastKnownFileType = sourcecode.swift; path = Swift_CalendarApp.swift; sourceTree = "<group>"; };
		A8F4B7F1297921AB00B79BAA /* CalendarView.swift */ = {isa = PBXFileReference; lastKnownFileType = sourcecode.swift; path = CalendarView.swift; sourceTree = "<group>"; };
		A8F4B7F3297921AE00B79BAA /* Assets.xcassets */ = {isa = PBXFileReference; lastKnownFileType = folder.assetcatalog; path = Assets.xcassets; sourceTree = "<group>"; };
		A8F4B7F6297921AE00B79BAA /* Preview Assets.xcassets */ = {isa = PBXFileReference; lastKnownFileType = folder.assetcatalog; path = "Preview Assets.xcassets"; sourceTree = "<group>"; };
		A8F4B7F8297921AE00B79BAA /* Persistence.swift */ = {isa = PBXFileReference; lastKnownFileType = sourcecode.swift; path = Persistence.swift; sourceTree = "<group>"; };
		A8F4B7FB297921AE00B79BAA /* Swift_Calendar.xcdatamodel */ = {isa = PBXFileReference; lastKnownFileType = wrapper.xcdatamodel; path = Swift_Calendar.xcdatamodel; sourceTree = "<group>"; };
/* End PBXFileReference section */

/* Begin PBXFrameworksBuildPhase section */
		A8DCF137297E615300D4A553 /* Frameworks */ = {
			isa = PBXFrameworksBuildPhase;
			buildActionMask = 2147483647;
			files = (
				A8DCF13F297E615300D4A553 /* SwiftUI.framework in Frameworks */,
				A8DCF13D297E615300D4A553 /* WidgetKit.framework in Frameworks */,
			);
			runOnlyForDeploymentPostprocessing = 0;
		};
		A8F4B7E9297921AB00B79BAA /* Frameworks */ = {
			isa = PBXFrameworksBuildPhase;
			buildActionMask = 2147483647;
			files = (
			);
			runOnlyForDeploymentPostprocessing = 0;
		};
/* End PBXFrameworksBuildPhase section */

/* Begin PBXGroup section */
		A88DE813297BC79D003A7580 /* Extension */ = {
			isa = PBXGroup;
			children = (
				A88DE811297BC795003A7580 /* Date.swift */,
			);
			path = Extension;
			sourceTree = "<group>";
		};
		A8DCF13B297E615300D4A553 /* Frameworks */ = {
			isa = PBXGroup;
			children = (
				A8DCF13C297E615300D4A553 /* WidgetKit.framework */,
				A8DCF13E297E615300D4A553 /* SwiftUI.framework */,
			);
			name = Frameworks;
			sourceTree = "<group>";
		};
		A8DCF140297E615300D4A553 /* CalendarWidget */ = {
			isa = PBXGroup;
			children = (
				A8DCF141297E615300D4A553 /* CalendarWidgetBundle.swift */,
				A8DCF143297E615300D4A553 /* CalendarWidget.swift */,
				A8DCF145297E615800D4A553 /* Assets.xcassets */,
				A8DCF147297E615800D4A553 /* Info.plist */,
			);
			path = CalendarWidget;
			sourceTree = "<group>";
		};
		A8F4B7E3297921AB00B79BAA = {
			isa = PBXGroup;
			children = (
				A8DCF150297E61F700D4A553 /* CalendarWidgetExtension.entitlements */,
				A8F4B7EE297921AB00B79BAA /* Swift Calendar */,
				A8DCF140297E615300D4A553 /* CalendarWidget */,
				A8DCF13B297E615300D4A553 /* Frameworks */,
				A8F4B7ED297921AB00B79BAA /* Products */,
			);
			sourceTree = "<group>";
		};
		A8F4B7ED297921AB00B79BAA /* Products */ = {
			isa = PBXGroup;
			children = (
				A8F4B7EC297921AB00B79BAA /* Swift Calendar.app */,
				A8DCF13A297E615300D4A553 /* CalendarWidgetExtension.appex */,
			);
			name = Products;
			sourceTree = "<group>";
		};
		A8F4B7EE297921AB00B79BAA /* Swift Calendar */ = {
			isa = PBXGroup;
			children = (
				A8DCF14F297E619200D4A553 /* Swift Calendar.entitlements */,
				A8F4B7EF297921AB00B79BAA /* Swift_CalendarApp.swift */,
				A8F4B7F1297921AB00B79BAA /* CalendarView.swift */,
				A88DE813297BC79D003A7580 /* Extension */,
				A8F4B7F3297921AE00B79BAA /* Assets.xcassets */,
				A8F4B7F8297921AE00B79BAA /* Persistence.swift */,
				A8F4B7FA297921AE00B79BAA /* Swift_Calendar.xcdatamodeld */,
				A8F4B7F5297921AE00B79BAA /* Preview Content */,
				A88DE814297BF422003A7580 /* StreakView.swift */,
			);
			path = "Swift Calendar";
			sourceTree = "<group>";
		};
		A8F4B7F5297921AE00B79BAA /* Preview Content */ = {
			isa = PBXGroup;
			children = (
				A8F4B7F6297921AE00B79BAA /* Preview Assets.xcassets */,
			);
			path = "Preview Content";
			sourceTree = "<group>";
		};
/* End PBXGroup section */

/* Begin PBXNativeTarget section */
		A8DCF139297E615300D4A553 /* CalendarWidgetExtension */ = {
			isa = PBXNativeTarget;
			buildConfigurationList = A8DCF14E297E615800D4A553 /* Build configuration list for PBXNativeTarget "CalendarWidgetExtension" */;
			buildPhases = (
				A8DCF136297E615300D4A553 /* Sources */,
				A8DCF137297E615300D4A553 /* Frameworks */,
				A8DCF138297E615300D4A553 /* Resources */,
			);
			buildRules = (
			);
			dependencies = (
			);
			name = CalendarWidgetExtension;
			productName = CalendarWidgetExtension;
			productReference = A8DCF13A297E615300D4A553 /* CalendarWidgetExtension.appex */;
			productType = "com.apple.product-type.app-extension";
		};
		A8F4B7EB297921AB00B79BAA /* Swift Calendar */ = {
			isa = PBXNativeTarget;
			buildConfigurationList = A8F4B7FF297921AE00B79BAA /* Build configuration list for PBXNativeTarget "Swift Calendar" */;
			buildPhases = (
				A8F4B7E8297921AB00B79BAA /* Sources */,
				A8F4B7E9297921AB00B79BAA /* Frameworks */,
				A8F4B7EA297921AB00B79BAA /* Resources */,
				A8DCF14B297E615800D4A553 /* Embed Foundation Extensions */,
			);
			buildRules = (
			);
			dependencies = (
				A8DCF149297E615800D4A553 /* PBXTargetDependency */,
			);
			name = "Swift Calendar";
			productName = "Swift Calendar";
			productReference = A8F4B7EC297921AB00B79BAA /* Swift Calendar.app */;
			productType = "com.apple.product-type.application";
		};
/* End PBXNativeTarget section */

/* Begin PBXProject section */
		A8F4B7E4297921AB00B79BAA /* Project object */ = {
			isa = PBXProject;
			attributes = {
				BuildIndependentTargetsInParallel = 1;
				LastSwiftUpdateCheck = 1410;
				LastUpgradeCheck = 1410;
				TargetAttributes = {
					A8DCF139297E615300D4A553 = {
						CreatedOnToolsVersion = 14.1;
					};
					A8F4B7EB297921AB00B79BAA = {
						CreatedOnToolsVersion = 14.1;
					};
				};
			};
			buildConfigurationList = A8F4B7E7297921AB00B79BAA /* Build configuration list for PBXProject "Swift Calendar" */;
			compatibilityVersion = "Xcode 14.0";
			developmentRegion = en;
			hasScannedForEncodings = 0;
			knownRegions = (
				en,
				Base,
			);
			mainGroup = A8F4B7E3297921AB00B79BAA;
			productRefGroup = A8F4B7ED297921AB00B79BAA /* Products */;
			projectDirPath = "";
			projectRoot = "";
			targets = (
				A8F4B7EB297921AB00B79BAA /* Swift Calendar */,
				A8DCF139297E615300D4A553 /* CalendarWidgetExtension */,
			);
		};
/* End PBXProject section */

/* Begin PBXResourcesBuildPhase section */
		A8DCF138297E615300D4A553 /* Resources */ = {
			isa = PBXResourcesBuildPhase;
			buildActionMask = 2147483647;
			files = (
				A8DCF146297E615800D4A553 /* Assets.xcassets in Resources */,
			);
			runOnlyForDeploymentPostprocessing = 0;
		};
		A8F4B7EA297921AB00B79BAA /* Resources */ = {
			isa = PBXResourcesBuildPhase;
			buildActionMask = 2147483647;
			files = (
				A8F4B7F7297921AE00B79BAA /* Preview Assets.xcassets in Resources */,
				A8F4B7F4297921AE00B79BAA /* Assets.xcassets in Resources */,
			);
			runOnlyForDeploymentPostprocessing = 0;
		};
/* End PBXResourcesBuildPhase section */

/* Begin PBXSourcesBuildPhase section */
		A8DCF136297E615300D4A553 /* Sources */ = {
			isa = PBXSourcesBuildPhase;
			buildActionMask = 2147483647;
			files = (
				A8DCF142297E615300D4A553 /* CalendarWidgetBundle.swift in Sources */,
				A8DCF144297E615300D4A553 /* CalendarWidget.swift in Sources */,
			);
			runOnlyForDeploymentPostprocessing = 0;
		};
		A8F4B7E8297921AB00B79BAA /* Sources */ = {
			isa = PBXSourcesBuildPhase;
			buildActionMask = 2147483647;
			files = (
				A88DE815297BF422003A7580 /* StreakView.swift in Sources */,
				A8F4B7F9297921AE00B79BAA /* Persistence.swift in Sources */,
				A88DE812297BC795003A7580 /* Date.swift in Sources */,
				A8F4B7FC297921AE00B79BAA /* Swift_Calendar.xcdatamodeld in Sources */,
				A8F4B7F2297921AB00B79BAA /* CalendarView.swift in Sources */,
				A8F4B7F0297921AB00B79BAA /* Swift_CalendarApp.swift in Sources */,
			);
			runOnlyForDeploymentPostprocessing = 0;
		};
/* End PBXSourcesBuildPhase section */

/* Begin PBXTargetDependency section */
		A8DCF149297E615800D4A553 /* PBXTargetDependency */ = {
			isa = PBXTargetDependency;
			target = A8DCF139297E615300D4A553 /* CalendarWidgetExtension */;
			targetProxy = A8DCF148297E615800D4A553 /* PBXContainerItemProxy */;
		};
/* End PBXTargetDependency section */

/* Begin XCBuildConfiguration section */
		A8DCF14C297E615800D4A553 /* Debug */ = {
			isa = XCBuildConfiguration;
			buildSettings = {
				ASSETCATALOG_COMPILER_GLOBAL_ACCENT_COLOR_NAME = AccentColor;
				ASSETCATALOG_COMPILER_WIDGET_BACKGROUND_COLOR_NAME = WidgetBackground;
				CODE_SIGN_ENTITLEMENTS = CalendarWidgetExtension.entitlements;
				CODE_SIGN_STYLE = Automatic;
				CURRENT_PROJECT_VERSION = 1;
				DEVELOPMENT_TEAM = WV8G99LA38;
				GENERATE_INFOPLIST_FILE = YES;
				INFOPLIST_FILE = CalendarWidget/Info.plist;
				INFOPLIST_KEY_CFBundleDisplayName = CalendarWidget;
				INFOPLIST_KEY_NSHumanReadableCopyright = "";
				LD_RUNPATH_SEARCH_PATHS = (
					"$(inherited)",
					"@executable_path/Frameworks",
					"@executable_path/../../Frameworks",
				);
				MARKETING_VERSION = 1.0;
				PRODUCT_BUNDLE_IDENTIFIER = "NizamiDev.Swift-Calendar.CalendarWidget";
				PRODUCT_NAME = "$(TARGET_NAME)";
				SKIP_INSTALL = YES;
				SWIFT_EMIT_LOC_STRINGS = YES;
				SWIFT_VERSION = 5.0;
				TARGETED_DEVICE_FAMILY = "1,2";
			};
			name = Debug;
		};
		A8DCF14D297E615800D4A553 /* Release */ = {
			isa = XCBuildConfiguration;
			buildSettings = {
				ASSETCATALOG_COMPILER_GLOBAL_ACCENT_COLOR_NAME = AccentColor;
				ASSETCATALOG_COMPILER_WIDGET_BACKGROUND_COLOR_NAME = WidgetBackground;
				CODE_SIGN_ENTITLEMENTS = CalendarWidgetExtension.entitlements;
				CODE_SIGN_STYLE = Automatic;
				CURRENT_PROJECT_VERSION = 1;
				DEVELOPMENT_TEAM = WV8G99LA38;
				GENERATE_INFOPLIST_FILE = YES;
				INFOPLIST_FILE = CalendarWidget/Info.plist;
				INFOPLIST_KEY_CFBundleDisplayName = CalendarWidget;
				INFOPLIST_KEY_NSHumanReadableCopyright = "";
				LD_RUNPATH_SEARCH_PATHS = (
					"$(inherited)",
					"@executable_path/Frameworks",
					"@executable_path/../../Frameworks",
				);
				MARKETING_VERSION = 1.0;
				PRODUCT_BUNDLE_IDENTIFIER = "NizamiDev.Swift-Calendar.CalendarWidget";
				PRODUCT_NAME = "$(TARGET_NAME)";
				SKIP_INSTALL = YES;
				SWIFT_EMIT_LOC_STRINGS = YES;
				SWIFT_VERSION = 5.0;
				TARGETED_DEVICE_FAMILY = "1,2";
			};
			name = Release;
		};
		A8F4B7FD297921AE00B79BAA /* Debug */ = {
			isa = XCBuildConfiguration;
			buildSettings = {
				ALWAYS_SEARCH_USER_PATHS = NO;
				CLANG_ANALYZER_NONNULL = YES;
				CLANG_ANALYZER_NUMBER_OBJECT_CONVERSION = YES_AGGRESSIVE;
				CLANG_CXX_LANGUAGE_STANDARD = "gnu++20";
				CLANG_ENABLE_MODULES = YES;
				CLANG_ENABLE_OBJC_ARC = YES;
				CLANG_ENABLE_OBJC_WEAK = YES;
				CLANG_WARN_BLOCK_CAPTURE_AUTORELEASING = YES;
				CLANG_WARN_BOOL_CONVERSION = YES;
				CLANG_WARN_COMMA = YES;
				CLANG_WARN_CONSTANT_CONVERSION = YES;
				CLANG_WARN_DEPRECATED_OBJC_IMPLEMENTATIONS = YES;
				CLANG_WARN_DIRECT_OBJC_ISA_USAGE = YES_ERROR;
				CLANG_WARN_DOCUMENTATION_COMMENTS = YES;
				CLANG_WARN_EMPTY_BODY = YES;
				CLANG_WARN_ENUM_CONVERSION = YES;
				CLANG_WARN_INFINITE_RECURSION = YES;
				CLANG_WARN_INT_CONVERSION = YES;
				CLANG_WARN_NON_LITERAL_NULL_CONVERSION = YES;
				CLANG_WARN_OBJC_IMPLICIT_RETAIN_SELF = YES;
				CLANG_WARN_OBJC_LITERAL_CONVERSION = YES;
				CLANG_WARN_OBJC_ROOT_CLASS = YES_ERROR;
				CLANG_WARN_QUOTED_INCLUDE_IN_FRAMEWORK_HEADER = YES;
				CLANG_WARN_RANGE_LOOP_ANALYSIS = YES;
				CLANG_WARN_STRICT_PROTOTYPES = YES;
				CLANG_WARN_SUSPICIOUS_MOVE = YES;
				CLANG_WARN_UNGUARDED_AVAILABILITY = YES_AGGRESSIVE;
				CLANG_WARN_UNREACHABLE_CODE = YES;
				CLANG_WARN__DUPLICATE_METHOD_MATCH = YES;
				COPY_PHASE_STRIP = NO;
				DEBUG_INFORMATION_FORMAT = dwarf;
				ENABLE_STRICT_OBJC_MSGSEND = YES;
				ENABLE_TESTABILITY = YES;
				GCC_C_LANGUAGE_STANDARD = gnu11;
				GCC_DYNAMIC_NO_PIC = NO;
				GCC_NO_COMMON_BLOCKS = YES;
				GCC_OPTIMIZATION_LEVEL = 0;
				GCC_PREPROCESSOR_DEFINITIONS = (
					"DEBUG=1",
					"$(inherited)",
				);
				GCC_WARN_64_TO_32_BIT_CONVERSION = YES;
				GCC_WARN_ABOUT_RETURN_TYPE = YES_ERROR;
				GCC_WARN_UNDECLARED_SELECTOR = YES;
				GCC_WARN_UNINITIALIZED_AUTOS = YES_AGGRESSIVE;
				GCC_WARN_UNUSED_FUNCTION = YES;
				GCC_WARN_UNUSED_VARIABLE = YES;
				IPHONEOS_DEPLOYMENT_TARGET = 16.1;
				MTL_ENABLE_DEBUG_INFO = INCLUDE_SOURCE;
				MTL_FAST_MATH = YES;
				ONLY_ACTIVE_ARCH = YES;
				SDKROOT = iphoneos;
				SWIFT_ACTIVE_COMPILATION_CONDITIONS = DEBUG;
				SWIFT_OPTIMIZATION_LEVEL = "-Onone";
			};
			name = Debug;
		};
		A8F4B7FE297921AE00B79BAA /* Release */ = {
			isa = XCBuildConfiguration;
			buildSettings = {
				ALWAYS_SEARCH_USER_PATHS = NO;
				CLANG_ANALYZER_NONNULL = YES;
				CLANG_ANALYZER_NUMBER_OBJECT_CONVERSION = YES_AGGRESSIVE;
				CLANG_CXX_LANGUAGE_STANDARD = "gnu++20";
				CLANG_ENABLE_MODULES = YES;
				CLANG_ENABLE_OBJC_ARC = YES;
				CLANG_ENABLE_OBJC_WEAK = YES;
				CLANG_WARN_BLOCK_CAPTURE_AUTORELEASING = YES;
				CLANG_WARN_BOOL_CONVERSION = YES;
				CLANG_WARN_COMMA = YES;
				CLANG_WARN_CONSTANT_CONVERSION = YES;
				CLANG_WARN_DEPRECATED_OBJC_IMPLEMENTATIONS = YES;
				CLANG_WARN_DIRECT_OBJC_ISA_USAGE = YES_ERROR;
				CLANG_WARN_DOCUMENTATION_COMMENTS = YES;
				CLANG_WARN_EMPTY_BODY = YES;
				CLANG_WARN_ENUM_CONVERSION = YES;
				CLANG_WARN_INFINITE_RECURSION = YES;
				CLANG_WARN_INT_CONVERSION = YES;
				CLANG_WARN_NON_LITERAL_NULL_CONVERSION = YES;
				CLANG_WARN_OBJC_IMPLICIT_RETAIN_SELF = YES;
				CLANG_WARN_OBJC_LITERAL_CONVERSION = YES;
				CLANG_WARN_OBJC_ROOT_CLASS = YES_ERROR;
				CLANG_WARN_QUOTED_INCLUDE_IN_FRAMEWORK_HEADER = YES;
				CLANG_WARN_RANGE_LOOP_ANALYSIS = YES;
				CLANG_WARN_STRICT_PROTOTYPES = YES;
				CLANG_WARN_SUSPICIOUS_MOVE = YES;
				CLANG_WARN_UNGUARDED_AVAILABILITY = YES_AGGRESSIVE;
				CLANG_WARN_UNREACHABLE_CODE = YES;
				CLANG_WARN__DUPLICATE_METHOD_MATCH = YES;
				COPY_PHASE_STRIP = NO;
				DEBUG_INFORMATION_FORMAT = "dwarf-with-dsym";
				ENABLE_NS_ASSERTIONS = NO;
				ENABLE_STRICT_OBJC_MSGSEND = YES;
				GCC_C_LANGUAGE_STANDARD = gnu11;
				GCC_NO_COMMON_BLOCKS = YES;
				GCC_WARN_64_TO_32_BIT_CONVERSION = YES;
				GCC_WARN_ABOUT_RETURN_TYPE = YES_ERROR;
				GCC_WARN_UNDECLARED_SELECTOR = YES;
				GCC_WARN_UNINITIALIZED_AUTOS = YES_AGGRESSIVE;
				GCC_WARN_UNUSED_FUNCTION = YES;
				GCC_WARN_UNUSED_VARIABLE = YES;
				IPHONEOS_DEPLOYMENT_TARGET = 16.1;
				MTL_ENABLE_DEBUG_INFO = NO;
				MTL_FAST_MATH = YES;
				SDKROOT = iphoneos;
				SWIFT_COMPILATION_MODE = wholemodule;
				SWIFT_OPTIMIZATION_LEVEL = "-O";
				VALIDATE_PRODUCT = YES;
			};
			name = Release;
		};
		A8F4B800297921AE00B79BAA /* Debug */ = {
			isa = XCBuildConfiguration;
			buildSettings = {
				ALWAYS_EMBED_SWIFT_STANDARD_LIBRARIES = YES;
				ASSETCATALOG_COMPILER_APPICON_NAME = AppIcon;
				ASSETCATALOG_COMPILER_GLOBAL_ACCENT_COLOR_NAME = AccentColor;
				CODE_SIGN_ENTITLEMENTS = "Swift Calendar/Swift Calendar.entitlements";
				CODE_SIGN_STYLE = Automatic;
				CURRENT_PROJECT_VERSION = 1;
				DEVELOPMENT_ASSET_PATHS = "\"Swift Calendar/Preview Content\"";
				DEVELOPMENT_TEAM = WV8G99LA38;
				ENABLE_PREVIEWS = YES;
				GENERATE_INFOPLIST_FILE = YES;
				INFOPLIST_KEY_UIApplicationSceneManifest_Generation = YES;
				INFOPLIST_KEY_UIApplicationSupportsIndirectInputEvents = YES;
				INFOPLIST_KEY_UILaunchScreen_Generation = YES;
				INFOPLIST_KEY_UISupportedInterfaceOrientations_iPad = "UIInterfaceOrientationPortrait UIInterfaceOrientationPortraitUpsideDown UIInterfaceOrientationLandscapeLeft UIInterfaceOrientationLandscapeRight";
				INFOPLIST_KEY_UISupportedInterfaceOrientations_iPhone = "UIInterfaceOrientationPortrait UIInterfaceOrientationLandscapeLeft UIInterfaceOrientationLandscapeRight";
				LD_RUNPATH_SEARCH_PATHS = (
					"$(inherited)",
					"@executable_path/Frameworks",
				);
				MARKETING_VERSION = 1.0;
				PRODUCT_BUNDLE_IDENTIFIER = "NizamiDev.Swift-Calendar";
				PRODUCT_NAME = "$(TARGET_NAME)";
				SWIFT_EMIT_LOC_STRINGS = YES;
				SWIFT_VERSION = 5.0;
				TARGETED_DEVICE_FAMILY = "1,2";
			};
			name = Debug;
		};
		A8F4B801297921AE00B79BAA /* Release */ = {
			isa = XCBuildConfiguration;
			buildSettings = {
				ALWAYS_EMBED_SWIFT_STANDARD_LIBRARIES = YES;
				ASSETCATALOG_COMPILER_APPICON_NAME = AppIcon;
				ASSETCATALOG_COMPILER_GLOBAL_ACCENT_COLOR_NAME = AccentColor;
				CODE_SIGN_ENTITLEMENTS = "Swift Calendar/Swift Calendar.entitlements";
				CODE_SIGN_STYLE = Automatic;
				CURRENT_PROJECT_VERSION = 1;
				DEVELOPMENT_ASSET_PATHS = "\"Swift Calendar/Preview Content\"";
				DEVELOPMENT_TEAM = WV8G99LA38;
				ENABLE_PREVIEWS = YES;
				GENERATE_INFOPLIST_FILE = YES;
				INFOPLIST_KEY_UIApplicationSceneManifest_Generation = YES;
				INFOPLIST_KEY_UIApplicationSupportsIndirectInputEvents = YES;
				INFOPLIST_KEY_UILaunchScreen_Generation = YES;
				INFOPLIST_KEY_UISupportedInterfaceOrientations_iPad = "UIInterfaceOrientationPortrait UIInterfaceOrientationPortraitUpsideDown UIInterfaceOrientationLandscapeLeft UIInterfaceOrientationLandscapeRight";
				INFOPLIST_KEY_UISupportedInterfaceOrientations_iPhone = "UIInterfaceOrientationPortrait UIInterfaceOrientationLandscapeLeft UIInterfaceOrientationLandscapeRight";
				LD_RUNPATH_SEARCH_PATHS = (
					"$(inherited)",
					"@executable_path/Frameworks",
				);
				MARKETING_VERSION = 1.0;
				PRODUCT_BUNDLE_IDENTIFIER = "NizamiDev.Swift-Calendar";
				PRODUCT_NAME = "$(TARGET_NAME)";
				SWIFT_EMIT_LOC_STRINGS = YES;
				SWIFT_VERSION = 5.0;
				TARGETED_DEVICE_FAMILY = "1,2";
			};
			name = Release;
		};
/* End XCBuildConfiguration section */

/* Begin XCConfigurationList section */
		A8DCF14E297E615800D4A553 /* Build configuration list for PBXNativeTarget "CalendarWidgetExtension" */ = {
			isa = XCConfigurationList;
			buildConfigurations = (
				A8DCF14C297E615800D4A553 /* Debug */,
				A8DCF14D297E615800D4A553 /* Release */,
			);
			defaultConfigurationIsVisible = 0;
			defaultConfigurationName = Release;
		};
		A8F4B7E7297921AB00B79BAA /* Build configuration list for PBXProject "Swift Calendar" */ = {
			isa = XCConfigurationList;
			buildConfigurations = (
				A8F4B7FD297921AE00B79BAA /* Debug */,
				A8F4B7FE297921AE00B79BAA /* Release */,
			);
			defaultConfigurationIsVisible = 0;
			defaultConfigurationName = Release;
		};
		A8F4B7FF297921AE00B79BAA /* Build configuration list for PBXNativeTarget "Swift Calendar" */ = {
			isa = XCConfigurationList;
			buildConfigurations = (
				A8F4B800297921AE00B79BAA /* Debug */,
				A8F4B801297921AE00B79BAA /* Release */,
			);
			defaultConfigurationIsVisible = 0;
			defaultConfigurationName = Release;
		};
/* End XCConfigurationList section */

/* Begin XCVersionGroup section */
		A8F4B7FA297921AE00B79BAA /* Swift_Calendar.xcdatamodeld */ = {
			isa = XCVersionGroup;
			children = (
				A8F4B7FB297921AE00B79BAA /* Swift_Calendar.xcdatamodel */,
			);
			currentVersion = A8F4B7FB297921AE00B79BAA /* Swift_Calendar.xcdatamodel */;
			path = Swift_Calendar.xcdatamodeld;
			sourceTree = "<group>";
			versionGroupType = wrapper.xcdatamodel;
		};
/* End XCVersionGroup section */
	};
	rootObject = A8F4B7E4297921AB00B79BAA /* Project object */;
}
